
Microsoft Visual Studio Solution File, Format Version 12.00
Project("{FAE04EC0-301F-11D3-BF4B-00C04F79EFBC}") = "Nexus.Domain", "Nexus.Domain\Nexus.Domain.csproj", "{A587E99B-606D-47D7-91CF-C898E5A6B077}"
EndProject
Project("{FAE04EC0-301F-11D3-BF4B-00C04F79EFBC}") = "Nexus.Api", "Nexus.Api\Nexus.Api.csproj", "{3B811CB1-12A5-417D-A7C8-F6C6516F044E}"
EndProject
Project("{FAE04EC0-301F-11D3-BF4B-00C04F79EFBC}") = "Nexus.Agent", "Nexus.Agent\Nexus.Agent.csproj", "{9A94DD82-E847-4D7B-BEF8-38887526E0C7}"
EndProject
Project("{FAE04EC0-301F-11D3-BF4B-00C04F79EFBC}") = "Nexus.Tests", "Nexus.Tests\Nexus.Tests.csproj", "{36564923-DD5A-42E0-B6AA-7C8EA2F46DBB}"
EndProject
Global
	GlobalSection(SolutionConfigurationPlatforms) = preSolution
		Debug|Any CPU = Debug|Any CPU
		Release|Any CPU = Release|Any CPU
	EndGlobalSection
	GlobalSection(ProjectConfigurationPlatforms) = postSolution
		{A587E99B-606D-47D7-91CF-C898E5A6B077}.Debug|Any CPU.ActiveCfg = Debug|Any CPU
		{A587E99B-606D-47D7-91CF-C898E5A6B077}.Debug|Any CPU.Build.0 = Debug|Any CPU
		{A587E99B-606D-47D7-91CF-C898E5A6B077}.Release|Any CPU.ActiveCfg = Release|Any CPU
		{A587E99B-606D-47D7-91CF-C898E5A6B077}.Release|Any CPU.Build.0 = Release|Any CPU
		{3B811CB1-12A5-417D-A7C8-F6C6516F044E}.Debug|Any CPU.ActiveCfg = Debug|Any CPU
		{3B811CB1-12A5-417D-A7C8-F6C6516F044E}.Debug|Any CPU.Build.0 = Debug|Any CPU
		{3B811CB1-12A5-417D-A7C8-F6C6516F044E}.Release|Any CPU.ActiveCfg = Release|Any CPU
		{3B811CB1-12A5-417D-A7C8-F6C6516F044E}.Release|Any CPU.Build.0 = Release|Any CPU
		{9A94DD82-E847-4D7B-BEF8-38887526E0C7}.Debug|Any CPU.ActiveCfg = Debug|Any CPU
		{9A94DD82-E847-4D7B-BEF8-38887526E0C7}.Debug|Any CPU.Build.0 = Debug|Any CPU
		{9A94DD82-E847-4D7B-BEF8-38887526E0C7}.Release|Any CPU.ActiveCfg = Release|Any CPU
		{9A94DD82-E847-4D7B-BEF8-38887526E0C7}.Release|Any CPU.Build.0 = Release|Any CPU
		{36564923-DD5A-42E0-B6AA-7C8EA2F46DBB}.Debug|Any CPU.ActiveCfg = Debug|Any CPU
		{36564923-DD5A-42E0-B6AA-7C8EA2F46DBB}.Debug|Any CPU.Build.0 = Debug|Any CPU
		{36564923-DD5A-42E0-B6AA-7C8EA2F46DBB}.Release|Any CPU.ActiveCfg = Release|Any CPU
		{36564923-DD5A-42E0-B6AA-7C8EA2F46DBB}.Release|Any CPU.Build.0 = Release|Any CPU
	EndGlobalSection
EndGlobal
